
Microsoft Visual Studio Solution File, Format Version 12.00
# Visual Studio Version 17
VisualStudioVersion = 17.14.36811.4 d17.14
MinimumVisualStudioVersion = 10.0.40219.1
Project("{FAE04EC0-301F-11D3-BF4B-00C04F79EFBC}") = "var_rst", "var_rst.csproj", "{A374846E-E358-4B5E-9FE4-2DCCB33AF2D0}"
EndProject
Global
	GlobalSection(SolutionConfigurationPlatforms) = preSolution
		Debug|Any CPU = Debug|Any CPU
		Release|Any CPU = Release|Any CPU
	EndGlobalSection
	GlobalSection(ProjectConfigurationPlatforms) = postSolution
		{A374846E-E358-4B5E-9FE4-2DCCB33AF2D0}.Debug|Any CPU.ActiveCfg = Debug|Any CPU
		{A374846E-E358-4B5E-9FE4-2DCCB33AF2D0}.Debug|Any CPU.Build.0 = Debug|Any CPU
		{A374846E-E358-4B5E-9FE4-2DCCB33AF2D0}.Release|Any CPU.ActiveCfg = Release|Any CPU
		{A374846E-E358-4B5E-9FE4-2DCCB33AF2D0}.Release|Any CPU.Build.0 = Release|Any CPU
	EndGlobalSection
	GlobalSection(SolutionProperties) = preSolution
		HideSolutionNode = FALSE
	EndGlobalSection
	GlobalSection(ExtensibilityGlobals) = postSolution
		SolutionGuid = {2324603C-67A6-44F4-9AC8-8DE14256DC3A}
	EndGlobalSection
EndGlobal
