
Microsoft Visual Studio Solution File, Format Version 12.00
# Visual Studio Version 17
VisualStudioVersion = 17.14.36811.4 d17.14
MinimumVisualStudioVersion = 10.0.40219.1
Project("{FAE04EC0-301F-11D3-BF4B-00C04F79EFBC}") = "lec_2025_12_31", "lec_2025_12_31.csproj", "{1D842860-2D80-4164-BBAE-FC2178287427}"
EndProject
Global
	GlobalSection(SolutionConfigurationPlatforms) = preSolution
		Debug|Any CPU = Debug|Any CPU
		Release|Any CPU = Release|Any CPU
	EndGlobalSection
	GlobalSection(ProjectConfigurationPlatforms) = postSolution
		{1D842860-2D80-4164-BBAE-FC2178287427}.Debug|Any CPU.ActiveCfg = Debug|Any CPU
		{1D842860-2D80-4164-BBAE-FC2178287427}.Debug|Any CPU.Build.0 = Debug|Any CPU
		{1D842860-2D80-4164-BBAE-FC2178287427}.Release|Any CPU.ActiveCfg = Release|Any CPU
		{1D842860-2D80-4164-BBAE-FC2178287427}.Release|Any CPU.Build.0 = Release|Any CPU
	EndGlobalSection
	GlobalSection(SolutionProperties) = preSolution
		HideSolutionNode = FALSE
	EndGlobalSection
	GlobalSection(ExtensibilityGlobals) = postSolution
		SolutionGuid = {7C5CB07E-2711-452A-A9EF-61B74D827148}
	EndGlobalSection
EndGlobal
