
Microsoft Visual Studio Solution File, Format Version 12.00
# Visual Studio Version 17
VisualStudioVersion = 17.14.36811.4 d17.14
MinimumVisualStudioVersion = 10.0.40219.1
Project("{FAE04EC0-301F-11D3-BF4B-00C04F79EFBC}") = "Lec20260106BitOperators", "Lec20260106BitOperators.csproj", "{867C5F7E-69CE-4E40-B43C-4A8D32A9CD0D}"
EndProject
Global
	GlobalSection(SolutionConfigurationPlatforms) = preSolution
		Debug|Any CPU = Debug|Any CPU
		Release|Any CPU = Release|Any CPU
	EndGlobalSection
	GlobalSection(ProjectConfigurationPlatforms) = postSolution
		{867C5F7E-69CE-4E40-B43C-4A8D32A9CD0D}.Debug|Any CPU.ActiveCfg = Debug|Any CPU
		{867C5F7E-69CE-4E40-B43C-4A8D32A9CD0D}.Debug|Any CPU.Build.0 = Debug|Any CPU
		{867C5F7E-69CE-4E40-B43C-4A8D32A9CD0D}.Release|Any CPU.ActiveCfg = Release|Any CPU
		{867C5F7E-69CE-4E40-B43C-4A8D32A9CD0D}.Release|Any CPU.Build.0 = Release|Any CPU
	EndGlobalSection
	GlobalSection(SolutionProperties) = preSolution
		HideSolutionNode = FALSE
	EndGlobalSection
	GlobalSection(ExtensibilityGlobals) = postSolution
		SolutionGuid = {903032BE-00E0-4255-B94B-18D5B4314936}
	EndGlobalSection
EndGlobal
