
Microsoft Visual Studio Solution File, Format Version 12.00
# Visual Studio Version 17
VisualStudioVersion = 17.14.36811.4 d17.14
MinimumVisualStudioVersion = 10.0.40219.1
Project("{FAE04EC0-301F-11D3-BF4B-00C04F79EFBC}") = "20260107Switch", "20260107Switch.csproj", "{906C7A54-2716-4A6B-A454-8FAE5CE28ED6}"
EndProject
Global
	GlobalSection(SolutionConfigurationPlatforms) = preSolution
		Debug|Any CPU = Debug|Any CPU
		Release|Any CPU = Release|Any CPU
	EndGlobalSection
	GlobalSection(ProjectConfigurationPlatforms) = postSolution
		{906C7A54-2716-4A6B-A454-8FAE5CE28ED6}.Debug|Any CPU.ActiveCfg = Debug|Any CPU
		{906C7A54-2716-4A6B-A454-8FAE5CE28ED6}.Debug|Any CPU.Build.0 = Debug|Any CPU
		{906C7A54-2716-4A6B-A454-8FAE5CE28ED6}.Release|Any CPU.ActiveCfg = Release|Any CPU
		{906C7A54-2716-4A6B-A454-8FAE5CE28ED6}.Release|Any CPU.Build.0 = Release|Any CPU
	EndGlobalSection
	GlobalSection(SolutionProperties) = preSolution
		HideSolutionNode = FALSE
	EndGlobalSection
	GlobalSection(ExtensibilityGlobals) = postSolution
		SolutionGuid = {E9E636CB-D0F3-4D6A-AE5B-56746CC4A46F}
	EndGlobalSection
EndGlobal
