
Microsoft Visual Studio Solution File, Format Version 12.00
# Visual Studio Version 17
VisualStudioVersion = 17.14.36811.4 d17.14
MinimumVisualStudioVersion = 10.0.40219.1
Project("{FAE04EC0-301F-11D3-BF4B-00C04F79EFBC}") = "Lec20260106LogicalOperators", "Lec20260106LogicalOperators.csproj", "{7964EE66-BD43-4FF8-ABD5-F3C2A6185482}"
EndProject
Global
	GlobalSection(SolutionConfigurationPlatforms) = preSolution
		Debug|Any CPU = Debug|Any CPU
		Release|Any CPU = Release|Any CPU
	EndGlobalSection
	GlobalSection(ProjectConfigurationPlatforms) = postSolution
		{7964EE66-BD43-4FF8-ABD5-F3C2A6185482}.Debug|Any CPU.ActiveCfg = Debug|Any CPU
		{7964EE66-BD43-4FF8-ABD5-F3C2A6185482}.Debug|Any CPU.Build.0 = Debug|Any CPU
		{7964EE66-BD43-4FF8-ABD5-F3C2A6185482}.Release|Any CPU.ActiveCfg = Release|Any CPU
		{7964EE66-BD43-4FF8-ABD5-F3C2A6185482}.Release|Any CPU.Build.0 = Release|Any CPU
	EndGlobalSection
	GlobalSection(SolutionProperties) = preSolution
		HideSolutionNode = FALSE
	EndGlobalSection
	GlobalSection(ExtensibilityGlobals) = postSolution
		SolutionGuid = {319F7239-E50E-44C8-A857-F0484C11D3F7}
	EndGlobalSection
EndGlobal
