
Microsoft Visual Studio Solution File, Format Version 12.00
# Visual Studio Version 17
VisualStudioVersion = 17.14.36811.4 d17.14
MinimumVisualStudioVersion = 10.0.40219.1
Project("{FAE04EC0-301F-11D3-BF4B-00C04F79EFBC}") = "Lec20260106IncrementDecrementOperators", "Lec20260106IncrementDecrementOperators.csproj", "{403ED350-673F-49E2-A6F0-4AA83B9197AF}"
EndProject
Global
	GlobalSection(SolutionConfigurationPlatforms) = preSolution
		Debug|Any CPU = Debug|Any CPU
		Release|Any CPU = Release|Any CPU
	EndGlobalSection
	GlobalSection(ProjectConfigurationPlatforms) = postSolution
		{403ED350-673F-49E2-A6F0-4AA83B9197AF}.Debug|Any CPU.ActiveCfg = Debug|Any CPU
		{403ED350-673F-49E2-A6F0-4AA83B9197AF}.Debug|Any CPU.Build.0 = Debug|Any CPU
		{403ED350-673F-49E2-A6F0-4AA83B9197AF}.Release|Any CPU.ActiveCfg = Release|Any CPU
		{403ED350-673F-49E2-A6F0-4AA83B9197AF}.Release|Any CPU.Build.0 = Release|Any CPU
	EndGlobalSection
	GlobalSection(SolutionProperties) = preSolution
		HideSolutionNode = FALSE
	EndGlobalSection
	GlobalSection(ExtensibilityGlobals) = postSolution
		SolutionGuid = {523ACFAB-2879-4650-A4A9-76155B0E1A1D}
	EndGlobalSection
EndGlobal
