
Microsoft Visual Studio Solution File, Format Version 12.00
# Visual Studio Version 17
VisualStudioVersion = 17.14.36811.4 d17.14
MinimumVisualStudioVersion = 10.0.40219.1
Project("{FAE04EC0-301F-11D3-BF4B-00C04F79EFBC}") = "Game_start", "Game_start.csproj", "{6883D485-1498-488E-A782-9A5F1E9FDFBE}"
EndProject
Global
	GlobalSection(SolutionConfigurationPlatforms) = preSolution
		Debug|Any CPU = Debug|Any CPU
		Release|Any CPU = Release|Any CPU
	EndGlobalSection
	GlobalSection(ProjectConfigurationPlatforms) = postSolution
		{6883D485-1498-488E-A782-9A5F1E9FDFBE}.Debug|Any CPU.ActiveCfg = Debug|Any CPU
		{6883D485-1498-488E-A782-9A5F1E9FDFBE}.Debug|Any CPU.Build.0 = Debug|Any CPU
		{6883D485-1498-488E-A782-9A5F1E9FDFBE}.Release|Any CPU.ActiveCfg = Release|Any CPU
		{6883D485-1498-488E-A782-9A5F1E9FDFBE}.Release|Any CPU.Build.0 = Release|Any CPU
	EndGlobalSection
	GlobalSection(SolutionProperties) = preSolution
		HideSolutionNode = FALSE
	EndGlobalSection
	GlobalSection(ExtensibilityGlobals) = postSolution
		SolutionGuid = {F981784F-2EB9-48FA-B431-88D6CEF2CD17}
	EndGlobalSection
EndGlobal
