
Microsoft Visual Studio Solution File, Format Version 12.00
# Visual Studio Version 17
VisualStudioVersion = 17.14.36811.4 d17.14
MinimumVisualStudioVersion = 10.0.40219.1
Project("{FAE04EC0-301F-11D3-BF4B-00C04F79EFBC}") = "Lec20260106ArithmeticOperator", "Lec20260106ArithmeticOperator.csproj", "{65794385-181B-4FC9-9D88-61315F19DA88}"
EndProject
Global
	GlobalSection(SolutionConfigurationPlatforms) = preSolution
		Debug|Any CPU = Debug|Any CPU
		Release|Any CPU = Release|Any CPU
	EndGlobalSection
	GlobalSection(ProjectConfigurationPlatforms) = postSolution
		{65794385-181B-4FC9-9D88-61315F19DA88}.Debug|Any CPU.ActiveCfg = Debug|Any CPU
		{65794385-181B-4FC9-9D88-61315F19DA88}.Debug|Any CPU.Build.0 = Debug|Any CPU
		{65794385-181B-4FC9-9D88-61315F19DA88}.Release|Any CPU.ActiveCfg = Release|Any CPU
		{65794385-181B-4FC9-9D88-61315F19DA88}.Release|Any CPU.Build.0 = Release|Any CPU
	EndGlobalSection
	GlobalSection(SolutionProperties) = preSolution
		HideSolutionNode = FALSE
	EndGlobalSection
	GlobalSection(ExtensibilityGlobals) = postSolution
		SolutionGuid = {FB8F9F52-D3C1-483F-AA74-A770A40829E6}
	EndGlobalSection
EndGlobal
