
Microsoft Visual Studio Solution File, Format Version 12.00
# Visual Studio Version 17
VisualStudioVersion = 17.14.36811.4 d17.14
MinimumVisualStudioVersion = 10.0.40219.1
Project("{FAE04EC0-301F-11D3-BF4B-00C04F79EFBC}") = "Lec20260106Binary", "Lec20260106Binary.csproj", "{6CD61CE8-0057-4932-8652-00B2BF43D1F8}"
EndProject
Global
	GlobalSection(SolutionConfigurationPlatforms) = preSolution
		Debug|Any CPU = Debug|Any CPU
		Release|Any CPU = Release|Any CPU
	EndGlobalSection
	GlobalSection(ProjectConfigurationPlatforms) = postSolution
		{6CD61CE8-0057-4932-8652-00B2BF43D1F8}.Debug|Any CPU.ActiveCfg = Debug|Any CPU
		{6CD61CE8-0057-4932-8652-00B2BF43D1F8}.Debug|Any CPU.Build.0 = Debug|Any CPU
		{6CD61CE8-0057-4932-8652-00B2BF43D1F8}.Release|Any CPU.ActiveCfg = Release|Any CPU
		{6CD61CE8-0057-4932-8652-00B2BF43D1F8}.Release|Any CPU.Build.0 = Release|Any CPU
	EndGlobalSection
	GlobalSection(SolutionProperties) = preSolution
		HideSolutionNode = FALSE
	EndGlobalSection
	GlobalSection(ExtensibilityGlobals) = postSolution
		SolutionGuid = {F3A6326D-A91A-4583-8855-CD89694D213C}
	EndGlobalSection
EndGlobal
