
Microsoft Visual Studio Solution File, Format Version 12.00
# Visual Studio Version 17
VisualStudioVersion = 17.14.36811.4 d17.14
MinimumVisualStudioVersion = 10.0.40219.1
Project("{FAE04EC0-301F-11D3-BF4B-00C04F79EFBC}") = "20260113_Mission", "20260113_Mission.csproj", "{689BD2CB-CDF8-4F8B-8852-D602A732F3EC}"
EndProject
Global
	GlobalSection(SolutionConfigurationPlatforms) = preSolution
		Debug|Any CPU = Debug|Any CPU
		Release|Any CPU = Release|Any CPU
	EndGlobalSection
	GlobalSection(ProjectConfigurationPlatforms) = postSolution
		{689BD2CB-CDF8-4F8B-8852-D602A732F3EC}.Debug|Any CPU.ActiveCfg = Debug|Any CPU
		{689BD2CB-CDF8-4F8B-8852-D602A732F3EC}.Debug|Any CPU.Build.0 = Debug|Any CPU
		{689BD2CB-CDF8-4F8B-8852-D602A732F3EC}.Release|Any CPU.ActiveCfg = Release|Any CPU
		{689BD2CB-CDF8-4F8B-8852-D602A732F3EC}.Release|Any CPU.Build.0 = Release|Any CPU
	EndGlobalSection
	GlobalSection(SolutionProperties) = preSolution
		HideSolutionNode = FALSE
	EndGlobalSection
	GlobalSection(ExtensibilityGlobals) = postSolution
		SolutionGuid = {C97D6E61-A39B-48D6-A027-8F09B6E985B4}
	EndGlobalSection
EndGlobal
