
Microsoft Visual Studio Solution File, Format Version 12.00
# Visual Studio Version 17
VisualStudioVersion = 17.14.36811.4 d17.14
MinimumVisualStudioVersion = 10.0.40219.1
Project("{FAE04EC0-301F-11D3-BF4B-00C04F79EFBC}") = "Lec20260106Var", "Lec20260106Var.csproj", "{9CF245C8-C648-4B6A-883B-ED051828A777}"
EndProject
Global
	GlobalSection(SolutionConfigurationPlatforms) = preSolution
		Debug|Any CPU = Debug|Any CPU
		Release|Any CPU = Release|Any CPU
	EndGlobalSection
	GlobalSection(ProjectConfigurationPlatforms) = postSolution
		{9CF245C8-C648-4B6A-883B-ED051828A777}.Debug|Any CPU.ActiveCfg = Debug|Any CPU
		{9CF245C8-C648-4B6A-883B-ED051828A777}.Debug|Any CPU.Build.0 = Debug|Any CPU
		{9CF245C8-C648-4B6A-883B-ED051828A777}.Release|Any CPU.ActiveCfg = Release|Any CPU
		{9CF245C8-C648-4B6A-883B-ED051828A777}.Release|Any CPU.Build.0 = Release|Any CPU
	EndGlobalSection
	GlobalSection(SolutionProperties) = preSolution
		HideSolutionNode = FALSE
	EndGlobalSection
	GlobalSection(ExtensibilityGlobals) = postSolution
		SolutionGuid = {322FFBCE-E9EA-483B-914F-E6AEE2C6DC99}
	EndGlobalSection
EndGlobal
