
Microsoft Visual Studio Solution File, Format Version 12.00
# Visual Studio Version 17
VisualStudioVersion = 17.14.36811.4 d17.14
MinimumVisualStudioVersion = 10.0.40219.1
Project("{FAE04EC0-301F-11D3-BF4B-00C04F79EFBC}") = "Lec20260107For", "Lec20260107For.csproj", "{9520A8D6-4C01-491E-ADD1-6542668BB74C}"
EndProject
Global
	GlobalSection(SolutionConfigurationPlatforms) = preSolution
		Debug|Any CPU = Debug|Any CPU
		Release|Any CPU = Release|Any CPU
	EndGlobalSection
	GlobalSection(ProjectConfigurationPlatforms) = postSolution
		{9520A8D6-4C01-491E-ADD1-6542668BB74C}.Debug|Any CPU.ActiveCfg = Debug|Any CPU
		{9520A8D6-4C01-491E-ADD1-6542668BB74C}.Debug|Any CPU.Build.0 = Debug|Any CPU
		{9520A8D6-4C01-491E-ADD1-6542668BB74C}.Release|Any CPU.ActiveCfg = Release|Any CPU
		{9520A8D6-4C01-491E-ADD1-6542668BB74C}.Release|Any CPU.Build.0 = Release|Any CPU
	EndGlobalSection
	GlobalSection(SolutionProperties) = preSolution
		HideSolutionNode = FALSE
	EndGlobalSection
	GlobalSection(ExtensibilityGlobals) = postSolution
		SolutionGuid = {10EDF38E-F64F-4A72-A91F-7FEA87A1009E}
	EndGlobalSection
EndGlobal
