
Microsoft Visual Studio Solution File, Format Version 12.00
# Visual Studio Version 17
VisualStudioVersion = 17.14.36811.4 d17.14
MinimumVisualStudioVersion = 10.0.40219.1
Project("{FAE04EC0-301F-11D3-BF4B-00C04F79EFBC}") = "Literal", "Literal.csproj", "{37E8673F-B44F-4B87-9C72-24118FBBEB28}"
EndProject
Global
	GlobalSection(SolutionConfigurationPlatforms) = preSolution
		Debug|Any CPU = Debug|Any CPU
		Release|Any CPU = Release|Any CPU
	EndGlobalSection
	GlobalSection(ProjectConfigurationPlatforms) = postSolution
		{37E8673F-B44F-4B87-9C72-24118FBBEB28}.Debug|Any CPU.ActiveCfg = Debug|Any CPU
		{37E8673F-B44F-4B87-9C72-24118FBBEB28}.Debug|Any CPU.Build.0 = Debug|Any CPU
		{37E8673F-B44F-4B87-9C72-24118FBBEB28}.Release|Any CPU.ActiveCfg = Release|Any CPU
		{37E8673F-B44F-4B87-9C72-24118FBBEB28}.Release|Any CPU.Build.0 = Release|Any CPU
	EndGlobalSection
	GlobalSection(SolutionProperties) = preSolution
		HideSolutionNode = FALSE
	EndGlobalSection
	GlobalSection(ExtensibilityGlobals) = postSolution
		SolutionGuid = {6A45F9AF-3563-4340-9ADC-ED47437D1E61}
	EndGlobalSection
EndGlobal
