
Microsoft Visual Studio Solution File, Format Version 12.00
# Visual Studio Version 17
VisualStudioVersion = 17.14.36811.4 d17.14
MinimumVisualStudioVersion = 10.0.40219.1
Project("{FAE04EC0-301F-11D3-BF4B-00C04F79EFBC}") = "20260107SequentialStatement", "20260107SequentialStatement.csproj", "{940EF12E-033C-4BDA-8E70-6214AA355ACF}"
EndProject
Global
	GlobalSection(SolutionConfigurationPlatforms) = preSolution
		Debug|Any CPU = Debug|Any CPU
		Release|Any CPU = Release|Any CPU
	EndGlobalSection
	GlobalSection(ProjectConfigurationPlatforms) = postSolution
		{940EF12E-033C-4BDA-8E70-6214AA355ACF}.Debug|Any CPU.ActiveCfg = Debug|Any CPU
		{940EF12E-033C-4BDA-8E70-6214AA355ACF}.Debug|Any CPU.Build.0 = Debug|Any CPU
		{940EF12E-033C-4BDA-8E70-6214AA355ACF}.Release|Any CPU.ActiveCfg = Release|Any CPU
		{940EF12E-033C-4BDA-8E70-6214AA355ACF}.Release|Any CPU.Build.0 = Release|Any CPU
	EndGlobalSection
	GlobalSection(SolutionProperties) = preSolution
		HideSolutionNode = FALSE
	EndGlobalSection
	GlobalSection(ExtensibilityGlobals) = postSolution
		SolutionGuid = {941EE16A-CDB4-45AE-963C-C819BB915C26}
	EndGlobalSection
EndGlobal
